
Microsoft Visual Studio Solution File, Format Version 12.00
# Visual Studio Version 17
VisualStudioVersion = 17.8.34330.188
MinimumVisualStudioVersion = 10.0.40219.1
Project("{FAE04EC0-301F-11D3-BF4B-00C04F79EFBC}") = "CoinFlip", "CoinFlip\CoinFlip.csproj", "{4467361A-BE98-4FA5-8448-638FF20C55DC}"
EndProject
Global
	GlobalSection(SolutionConfigurationPlatforms) = preSolution
		Debug|Any CPU = Debug|Any CPU
		Release|Any CPU = Release|Any CPU
	EndGlobalSection
	GlobalSection(ProjectConfigurationPlatforms) = postSolution
		{4467361A-BE98-4FA5-8448-638FF20C55DC}.Debug|Any CPU.ActiveCfg = Debug|Any CPU
		{4467361A-BE98-4FA5-8448-638FF20C55DC}.Debug|Any CPU.Build.0 = Debug|Any CPU
		{4467361A-BE98-4FA5-8448-638FF20C55DC}.Debug|Any CPU.Deploy.0 = Debug|Any CPU
		{4467361A-BE98-4FA5-8448-638FF20C55DC}.Release|Any CPU.ActiveCfg = Release|Any CPU
		{4467361A-BE98-4FA5-8448-638FF20C55DC}.Release|Any CPU.Build.0 = Release|Any CPU
		{4467361A-BE98-4FA5-8448-638FF20C55DC}.Release|Any CPU.Deploy.0 = Release|Any CPU
	EndGlobalSection
	GlobalSection(SolutionProperties) = preSolution
		HideSolutionNode = FALSE
	EndGlobalSection
	GlobalSection(ExtensibilityGlobals) = postSolution
		SolutionGuid = {34A39B83-0171-43EB-83BC-DBD2B0E0661B}
	EndGlobalSection
EndGlobal
